
Microsoft Visual Studio Solution File, Format Version 12.00
# Visual Studio Version 16
VisualStudioVersion = 16.0.30907.101
MinimumVisualStudioVersion = 10.0.40219.1
Project("{FAE04EC0-301F-11D3-BF4B-00C04F79EFBC}") = "ApplicationInsightsServerSample", "ApplicationInsightsServerSample\ApplicationInsightsServerSample.csproj", "{8A163DA5-A164-4514-87F6-720780A678E5}"
EndProject
Global
	GlobalSection(SolutionConfigurationPlatforms) = preSolution
		Debug|Any CPU = Debug|Any CPU
		Release|Any CPU = Release|Any CPU
	EndGlobalSection
	GlobalSection(ProjectConfigurationPlatforms) = postSolution
		{8A163DA5-A164-4514-87F6-720780A678E5}.Debug|Any CPU.ActiveCfg = Debug|Any CPU
		{8A163DA5-A164-4514-87F6-720780A678E5}.Debug|Any CPU.Build.0 = Debug|Any CPU
		{8A163DA5-A164-4514-87F6-720780A678E5}.Release|Any CPU.ActiveCfg = Release|Any CPU
		{8A163DA5-A164-4514-87F6-720780A678E5}.Release|Any CPU.Build.0 = Release|Any CPU
	EndGlobalSection
	GlobalSection(SolutionProperties) = preSolution
		HideSolutionNode = FALSE
	EndGlobalSection
	GlobalSection(ExtensibilityGlobals) = postSolution
		SolutionGuid = {495F86D3-302E-42D8-9875-4E6FA3C51627}
	EndGlobalSection
EndGlobal
